{
  "version": 4,
  "terraform_version": "1.12.2",
  "serial": 4,
  "lineage": "9ba28751-d80d-5c0c-9388-14bd123b76ad",
  "outputs": {},
  "resources": [
    {
      "mode": "managed",
      "type": "google_compute_firewall",
      "name": "allow_app_ports",
      "provider": "provider[\"registry.terraform.io/hashicorp/google\"]",
      "instances": [
        {
          "schema_version": 1,
          "attributes": {
            "allow": [
              {
                "ports": [
                  "80",
                  "443"
                ],
                "protocol": "tcp"
              }
            ],
            "creation_timestamp": "2025-07-29T11:25:38.409-07:00",
            "deny": [],
            "description": "",
            "destination_ranges": [],
            "direction": "INGRESS",
            "disabled": false,
            "enable_logging": null,
            "id": "projects/vital-orb-466100-c5/global/firewalls/allow-app-ports-ingress",
            "log_config": [],
            "name": "allow-app-ports-ingress",
            "network": "https://www.googleapis.com/compute/v1/projects/vital-orb-466100-c5/global/networks/default",
            "priority": 1000,
            "project": "vital-orb-466100-c5",
            "self_link": "https://www.googleapis.com/compute/v1/projects/vital-orb-466100-c5/global/firewalls/allow-app-ports-ingress",
            "source_ranges": [
              "0.0.0.0/0"
            ],
            "source_service_accounts": null,
            "source_tags": null,
            "target_service_accounts": null,
            "target_tags": null,
            "timeouts": null
          },
          "sensitive_attributes": [],
          "identity_schema_version": 0,
          "private": "eyJlMmJmYjczMC1lY2FhLTExZTYtOGY4OC0zNDM2M2JjN2M0YzAiOnsiY3JlYXRlIjoxMjAwMDAwMDAwMDAwLCJkZWxldGUiOjEyMDAwMDAwMDAwMDAsInVwZGF0ZSI6MTIwMDAwMDAwMDAwMH0sInNjaGVtYV92ZXJzaW9uIjoiMSJ9",
          "dependencies": [
            "google_container_cluster.main",
            "google_container_node_pool.main"
          ]
        }
      ]
    },
    {
      "mode": "managed",
      "type": "google_container_cluster",
      "name": "main",
      "provider": "provider[\"registry.terraform.io/hashicorp/google\"]",
      "instances": [
        {
          "schema_version": 1,
          "attributes": {
            "addons_config": [
              {
                "cloudrun_config": [],
                "config_connector_config": [],
                "dns_cache_config": [],
                "gce_persistent_disk_csi_driver_config": [
                  {
                    "enabled": true
                  }
                ],
                "gcp_filestore_csi_driver_config": [],
                "gcs_fuse_csi_driver_config": [],
                "gke_backup_agent_config": [],
                "horizontal_pod_autoscaling": [],
                "http_load_balancing": [],
                "network_policy_config": [
                  {
                    "disabled": true
                  }
                ]
              }
            ],
            "allow_net_admin": null,
            "authenticator_groups_config": [],
            "binary_authorization": [
              {
                "enabled": false,
                "evaluation_mode": ""
              }
            ],
            "cluster_autoscaling": [
              {
                "auto_provisioning_defaults": [],
                "enabled": false,
                "resource_limits": []
              }
            ],
            "cluster_ipv4_cidr": "10.64.0.0/14",
            "confidential_nodes": [],
            "cost_management_config": [],
            "database_encryption": [
              {
                "key_name": "",
                "state": "DECRYPTED"
              }
            ],
            "datapath_provider": "",
            "default_max_pods_per_node": null,
            "default_snat_status": [
              {
                "disabled": false
              }
            ],
            "description": "",
            "dns_config": [],
            "enable_autopilot": false,
            "enable_binary_authorization": false,
            "enable_intranode_visibility": false,
            "enable_k8s_beta_apis": [],
            "enable_kubernetes_alpha": false,
            "enable_l4_ilb_subsetting": false,
            "enable_legacy_abac": false,
            "enable_shielded_nodes": true,
            "enable_tpu": false,
            "endpoint": "34.142.220.242",
            "gateway_api_config": [],
            "id": "projects/vital-orb-466100-c5/locations/asia-southeast1-a/clusters/myocr-cluster",
            "initial_node_count": 1,
            "ip_allocation_policy": [],
            "label_fingerprint": "a9dc16a7",
            "location": "asia-southeast1-a",
            "logging_config": [
              {
                "enable_components": [
                  "SYSTEM_COMPONENTS",
                  "WORKLOADS"
                ]
              }
            ],
            "logging_service": "logging.googleapis.com/kubernetes",
            "maintenance_policy": [],
            "master_auth": [
              {
                "client_certificate": "",
                "client_certificate_config": [
                  {
                    "issue_client_certificate": false
                  }
                ],
                "client_key": "",
                "cluster_ca_certificate": "LS0tLS1CRUdJTiBDRVJUSUZJQ0FURS0tLS0tCk1JSUVMRENDQXBTZ0F3SUJBZ0lRRU1EbHk1YjNZUy9lRURSeTA2RUVNekFOQmdrcWhraUc5dzBCQVFzRkFEQXYKTVMwd0t3WURWUVFERXlSa01EZG1NV1EwT1MwMU9EbGhMVFE1T1dJdFlURmlOeTFpWW1NNU1Ua3pORFJqTXpZdwpJQmNOTWpVd056STVNVGN4TnpJeldoZ1BNakExTlRBM01qSXhPREUzTWpOYU1DOHhMVEFyQmdOVkJBTVRKR1F3Ck4yWXhaRFE1TFRVNE9XRXRORGs1WWkxaE1XSTNMV0ppWXpreE9UTTBOR016TmpDQ0FhSXdEUVlKS29aSWh2Y04KQVFFQkJRQURnZ0dQQURDQ0FZb0NnZ0dCQUpxTzFlT1F6KzRYNmxTL2JNbnlhVDlXTzVRWjBGOHYwQkFaSWNlRApvNWdibTJWQjVpdnR4ZXFnTi9HRk41N3ZGNm1MZG1qcytxMkkrNHdJQlpHZ0dWeUxid0R3b3AwcThJN2R2OFJzCnppWllNMkJWN2xrKzlNdWNhYWNpN01vTlhnWW5YWHByc1RWdDhNZ2l2bXB5cVZUTmRrb2QzNUYvMzhhazB5TmoKTVBCOS9ZS3hCVVF2MEcrOThlaUhreTJjd1BaTTlGajgycDdJbFBUdDRQSEJJOFhDc1BTc2ZqSDhrUWJlRUlFVgpVaXY4V1hNMDdaemtjYzROTFdQbi80SjBRTmM4OGwwRHlJVktxbXdFRFRncHd4WWxjSGxBK1BtNktla0o4cDhqClJyRFczSWlNS09rR1hlY2xRcTlmNTdoUWNKQkM0dUhseWs0am9aTEcyUlR6Nm9ETXBmOVg3U3VqaEd6R1h0T2YKaTJoZk9JekIwdXNBWEpWb3owVTk1bFhENEJZbjkyeWRWRHlpU0ZGcFNGd1B5QUtpakh6TkNzMVBkWUJBMFZRWQo0ekVIMkVVRm9lZnFtdWdzWm1ORWRMZUlZeWpkYk0xRUY3cUZSTTNVbS9QcnBMMk5GUFNIa0xnQ0NvRFAwNDVnCnh3NmQxVXpNV1U0Q21hRytrcXpaYjdzQmZRSURBUUFCbzBJd1FEQU9CZ05WSFE4QkFmOEVCQU1DQWdRd0R3WUQKVlIwVEFRSC9CQVV3QXdFQi96QWRCZ05WSFE0RUZnUVUrVWYxaWJvTHczU2J1UkVzZWpmSnpMcllxWW93RFFZSgpLb1pJaHZjTkFRRUxCUUFEZ2dHQkFDOFhSUXc0dTlxSk1Qbms5K1kwbHptTDF5YnZPUEx1bTdCQ25QM2JRSGdVCnVTSjNFSlhFaW01bForTUt2NEVVeHJMMmpBVmRXWUlyS2RycVB1UFRLalEyZFllcERORDd3cDFZUTBhVktrMlAKVHR2SEwvSHUxVFA1dGZtbllydlpoY3YwQWV6WkJidXRiZmVzbGVTbUJ4bVFIMklra1pBZTR1OUxEWUtJYlBidgpOdk5XZldla2tVV0d5MEJQSVRPRmxkOCtUektQcENwR3NoV2ZrZTFjakhsS0JyUUljV2xwYldkKzFaYzNkM3FpCkN3bmJCRXM1VE8wdENZVVB4NCtCQlhxbGEwNGxnenI0REJXdE5xTzdBRnZ3NGl4QXJvMmZ5RzNkL2FmVjZqQlMKTFIwV3lIRENDa0k4RnczaGozT3JsZmtUcmJKbitvQzRQQm5yTXNpNFZPOTNLSC9ZQWNCQ2oyZWdTN3QxUmhmKwozYmkvMTVDMkk0YmQ0OEsremRKdXpwUzZ6Sy9BVmF0dFE2ejZmRGhSbXRPMDdhbmVuL3kveXhhY2ZaL2xaWm1wCmF2NGdhN3JwODhGcWZEOWl0bzA5R0UzL283T2Z1b0tNR3ZDa0dPNTJZZlhsQk53VG1vOVpOWGxUeUFibWtManAKakRueDJTbHZkeHgrYzM0VUpXMXpWUT09Ci0tLS0tRU5EIENFUlRJRklDQVRFLS0tLS0K"
              }
            ],
            "master_authorized_networks_config": [],
            "master_version": "1.33.2-gke.1111000",
            "mesh_certificates": [],
            "min_master_version": null,
            "monitoring_config": [
              {
                "advanced_datapath_observability_config": [
                  {
                    "enable_metrics": false,
                    "relay_mode": ""
                  }
                ],
                "enable_components": [
                  "SYSTEM_COMPONENTS",
                  "DEPLOYMENT",
                  "STATEFULSET",
                  "JOBSET",
                  "STORAGE",
                  "HPA",
                  "POD",
                  "DAEMONSET",
                  "CADVISOR",
                  "KUBELET",
                  "DCGM"
                ],
                "managed_prometheus": [
                  {
                    "enabled": true
                  }
                ]
              }
            ],
            "monitoring_service": "monitoring.googleapis.com/kubernetes",
            "name": "myocr-cluster",
            "network": "projects/vital-orb-466100-c5/global/networks/default",
            "network_policy": [
              {
                "enabled": false,
                "provider": "PROVIDER_UNSPECIFIED"
              }
            ],
            "networking_mode": "ROUTES",
            "node_config": [],
            "node_locations": [],
            "node_pool": [],
            "node_pool_defaults": [
              {
                "node_config_defaults": [
                  {
                    "logging_variant": "DEFAULT"
                  }
                ]
              }
            ],
            "node_version": "1.33.2-gke.1111000",
            "notification_config": [
              {
                "pubsub": [
                  {
                    "enabled": false,
                    "filter": [],
                    "topic": ""
                  }
                ]
              }
            ],
            "operation": null,
            "private_cluster_config": [
              {
                "enable_private_endpoint": false,
                "enable_private_nodes": false,
                "master_global_access_config": [
                  {
                    "enabled": false
                  }
                ],
                "master_ipv4_cidr_block": "",
                "peering_name": "",
                "private_endpoint": "10.148.0.11",
                "private_endpoint_subnetwork": "",
                "public_endpoint": "34.142.220.242"
              }
            ],
            "private_ipv6_google_access": "",
            "project": "vital-orb-466100-c5",
            "release_channel": [
              {
                "channel": "REGULAR"
              }
            ],
            "remove_default_node_pool": true,
            "resource_labels": null,
            "resource_usage_export_config": [],
            "security_posture_config": [
              {
                "mode": "BASIC",
                "vulnerability_mode": "VULNERABILITY_MODE_UNSPECIFIED"
              }
            ],
            "self_link": "https://container.googleapis.com/v1/projects/vital-orb-466100-c5/zones/asia-southeast1-a/clusters/myocr-cluster",
            "service_external_ips_config": [
              {
                "enabled": false
              }
            ],
            "services_ipv4_cidr": "10.67.240.0/20",
            "subnetwork": "projects/vital-orb-466100-c5/regions/asia-southeast1/subnetworks/default",
            "timeouts": null,
            "tpu_ipv4_cidr_block": "",
            "vertical_pod_autoscaling": [],
            "workload_identity_config": []
          },
          "sensitive_attributes": [
            [
              {
                "type": "get_attr",
                "value": "master_auth"
              },
              {
                "type": "index",
                "value": {
                  "value": 0,
                  "type": "number"
                }
              },
              {
                "type": "get_attr",
                "value": "client_key"
              }
            ]
          ],
          "identity_schema_version": 0,
          "private": "eyJlMmJmYjczMC1lY2FhLTExZTYtOGY4OC0zNDM2M2JjN2M0YzAiOnsiY3JlYXRlIjoyNDAwMDAwMDAwMDAwLCJkZWxldGUiOjI0MDAwMDAwMDAwMDAsInJlYWQiOjI0MDAwMDAwMDAwMDAsInVwZGF0ZSI6MzYwMDAwMDAwMDAwMH0sInNjaGVtYV92ZXJzaW9uIjoiMSJ9"
        }
      ]
    },
    {
      "mode": "managed",
      "type": "google_container_node_pool",
      "name": "main",
      "provider": "provider[\"registry.terraform.io/hashicorp/google\"]",
      "instances": [
        {
          "schema_version": 1,
          "attributes": {
            "autoscaling": [
              {
                "location_policy": "BALANCED",
                "max_node_count": 3,
                "min_node_count": 1,
                "total_max_node_count": 0,
                "total_min_node_count": 0
              }
            ],
            "cluster": "myocr-cluster",
            "id": "projects/vital-orb-466100-c5/locations/asia-southeast1-a/clusters/myocr-cluster/nodePools/myocr-cluster-node-pool",
            "initial_node_count": 0,
            "instance_group_urls": [
              "https://www.googleapis.com/compute/v1/projects/vital-orb-466100-c5/zones/asia-southeast1-a/instanceGroupManagers/gke-myocr-cluster-myocr-cluster-node--c2600e8b-grp"
            ],
            "location": "asia-southeast1-a",
            "managed_instance_group_urls": [
              "https://www.googleapis.com/compute/v1/projects/vital-orb-466100-c5/zones/asia-southeast1-a/instanceGroups/gke-myocr-cluster-myocr-cluster-node--c2600e8b-grp"
            ],
            "management": [
              {
                "auto_repair": true,
                "auto_upgrade": true
              }
            ],
            "max_pods_per_node": null,
            "name": "myocr-cluster-node-pool",
            "name_prefix": "",
            "network_config": [],
            "node_config": [
              {
                "advanced_machine_features": [],
                "boot_disk_kms_key": "",
                "disk_size_gb": 50,
                "disk_type": "pd-balanced",
                "ephemeral_storage_local_ssd_config": [],
                "gcfs_config": [],
                "guest_accelerator": [],
                "gvnic": [],
                "host_maintenance_policy": [],
                "image_type": "COS_CONTAINERD",
                "kubelet_config": [
                  {
                    "cpu_cfs_quota": false,
                    "cpu_cfs_quota_period": "",
                    "cpu_manager_policy": "",
                    "pod_pids_limit": 0
                  }
                ],
                "labels": {},
                "linux_node_config": [],
                "local_nvme_ssd_block_config": [],
                "local_ssd_count": 0,
                "logging_variant": "DEFAULT",
                "machine_type": "e2-medium",
                "metadata": {
                  "disable-legacy-endpoints": "true"
                },
                "min_cpu_platform": "",
                "node_group": "",
                "oauth_scopes": [
                  "https://www.googleapis.com/auth/devstorage.read_only",
                  "https://www.googleapis.com/auth/logging.write",
                  "https://www.googleapis.com/auth/monitoring",
                  "https://www.googleapis.com/auth/service.management.readonly",
                  "https://www.googleapis.com/auth/servicecontrol",
                  "https://www.googleapis.com/auth/trace.append"
                ],
                "preemptible": false,
                "reservation_affinity": [],
                "resource_labels": {
                  "goog-gke-node-pool-provisioning-model": "on-demand"
                },
                "service_account": "default",
                "shielded_instance_config": [
                  {
                    "enable_integrity_monitoring": true,
                    "enable_secure_boot": false
                  }
                ],
                "sole_tenant_config": [],
                "spot": false,
                "tags": null,
                "taint": [],
                "workload_metadata_config": []
              }
            ],
            "node_count": 0,
            "node_locations": [
              "asia-southeast1-a"
            ],
            "operation": null,
            "placement_policy": [],
            "project": "vital-orb-466100-c5",
            "timeouts": null,
            "upgrade_settings": [
              {
                "blue_green_settings": [],
                "max_surge": 1,
                "max_unavailable": 0,
                "strategy": "SURGE"
              }
            ],
            "version": "1.33.2-gke.1111000"
          },
          "sensitive_attributes": [],
          "identity_schema_version": 0,
          "private": "eyJlMmJmYjczMC1lY2FhLTExZTYtOGY4OC0zNDM2M2JjN2M0YzAiOnsiY3JlYXRlIjoxODAwMDAwMDAwMDAwLCJkZWxldGUiOjE4MDAwMDAwMDAwMDAsInVwZGF0ZSI6MTgwMDAwMDAwMDAwMH0sInNjaGVtYV92ZXJzaW9uIjoiMSJ9",
          "dependencies": [
            "google_container_cluster.main"
          ]
        }
      ]
    }
  ],
  "check_results": null
}
