{
  "version": 4,
  "terraform_version": "1.12.2",
  "serial": 32,
  "lineage": "71a48b0d-e13c-0d5b-e208-c8759b50b3a3",
  "outputs": {
    "argocd_initial_admin_secret": {
      "value": "kubectl -n argo-cd get secret argocd-initial-admin-secret -o jsonpath='{.data.password}' | base64 -d",
      "type": "string"
    },
    "gke_connect": {
      "value": "gcloud container clusters get-credentials production-cluster --location asia-southeast1-b",
      "type": "string"
    }
  },
  "resources": [
    {
      "mode": "data",
      "type": "google_client_config",
      "name": "default",
      "provider": "provider[\"registry.terraform.io/hashicorp/google\"]",
      "instances": [
        {
          "schema_version": 0,
          "attributes": {
            "access_token": "ya29.A0AS3H6NxKmYxPpZhRM0QWEFlHCrRm1WNcsNf1SQ88MhapyALXg4Ql_75EYsHnHcBUwzJQsy5sjsRVwNOaJCW22ePlnuWBNHYbay0yobMesUwhn-PxLGdIqGpmkPsrCfgXfb3Y4Ue2Emtd9xuXfPF_detLuD1R9leg4NbRkeHU0t1_bsiCiau7nitaSp6hLsd4TjJZtoOFaCgYKAQcSAQ0SFQHGX2MiljYqdlqgN5ieReuknEZy6w0207",
            "id": "projects/\"vital-orb-466100-c5\"/regions/\"asia-southeast1\"/zones/\"asia-southeast1-b\"",
            "project": "vital-orb-466100-c5",
            "region": "asia-southeast1",
            "zone": "asia-southeast1-b"
          },
          "sensitive_attributes": [
            [
              {
                "type": "get_attr",
                "value": "access_token"
              }
            ]
          ],
          "identity_schema_version": 0
        }
      ]
    },
    {
      "mode": "data",
      "type": "google_container_cluster",
      "name": "main",
      "provider": "provider[\"registry.terraform.io/hashicorp/google\"]",
      "instances": [
        {
          "schema_version": 0,
          "attributes": {
            "addons_config": [
              {
                "cloudrun_config": [],
                "config_connector_config": [],
                "dns_cache_config": [],
                "gce_persistent_disk_csi_driver_config": [
                  {
                    "enabled": true
                  }
                ],
                "gcp_filestore_csi_driver_config": [],
                "gcs_fuse_csi_driver_config": [],
                "gke_backup_agent_config": [],
                "horizontal_pod_autoscaling": [],
                "http_load_balancing": [],
                "network_policy_config": [
                  {
                    "disabled": true
                  }
                ]
              }
            ],
            "allow_net_admin": null,
            "authenticator_groups_config": [],
            "binary_authorization": [
              {
                "enabled": false,
                "evaluation_mode": ""
              }
            ],
            "cluster_autoscaling": [
              {
                "auto_provisioning_defaults": [],
                "enabled": false,
                "resource_limits": []
              }
            ],
            "cluster_ipv4_cidr": "10.0.0.0/14",
            "confidential_nodes": [],
            "cost_management_config": [],
            "database_encryption": [
              {
                "key_name": "",
                "state": "DECRYPTED"
              }
            ],
            "datapath_provider": "",
            "default_max_pods_per_node": null,
            "default_snat_status": [
              {
                "disabled": false
              }
            ],
            "description": "",
            "dns_config": [],
            "enable_autopilot": false,
            "enable_binary_authorization": false,
            "enable_intranode_visibility": false,
            "enable_k8s_beta_apis": [],
            "enable_kubernetes_alpha": false,
            "enable_l4_ilb_subsetting": false,
            "enable_legacy_abac": false,
            "enable_shielded_nodes": true,
            "enable_tpu": false,
            "endpoint": "34.124.210.147",
            "gateway_api_config": [],
            "id": "projects/vital-orb-466100-c5/locations/asia-southeast1-b/clusters/production-cluster",
            "initial_node_count": 1,
            "ip_allocation_policy": [],
            "label_fingerprint": "a9dc16a7",
            "location": "asia-southeast1-b",
            "logging_config": [
              {
                "enable_components": [
                  "SYSTEM_COMPONENTS",
                  "WORKLOADS"
                ]
              }
            ],
            "logging_service": "logging.googleapis.com/kubernetes",
            "maintenance_policy": [],
            "master_auth": [
              {
                "client_certificate": "",
                "client_certificate_config": [
                  {
                    "issue_client_certificate": false
                  }
                ],
                "client_key": "",
                "cluster_ca_certificate": "LS0tLS1CRUdJTiBDRVJUSUZJQ0FURS0tLS0tCk1JSUVMRENDQXBTZ0F3SUJBZ0lRSy9oOUppNVhtL3JUVExQdHNIWWo1REFOQmdrcWhraUc5dzBCQVFzRkFEQXYKTVMwd0t3WURWUVFERXlRMU56QXpOelUwWVMwMFl6azVMVFF3TmpBdFlqYzNOQzB3TURRellUUTJOVGhrWVdJdwpJQmNOTWpVd09ESXlNRFkxTXpFMFdoZ1BNakExTlRBNE1UVXdOelV6TVRSYU1DOHhMVEFyQmdOVkJBTVRKRFUzCk1ETTNOVFJoTFRSak9Ua3ROREEyTUMxaU56YzBMVEF3TkROaE5EWTFPR1JoWWpDQ0FhSXdEUVlKS29aSWh2Y04KQVFFQkJRQURnZ0dQQURDQ0FZb0NnZ0dCQU96aFVrNlIrNkZ4dTVqRGFnMWVzeVdQYnZ0aDE1VGk1aUx3dmMzdAorRTJNcWRlNHBsOEpyc0lCdGRwVUxZZG5ETHlSSDRkaWFudGdTa1JHdUlmendSMFhSbFdzT0xYcU9NU1VUWlRECndjTU1QRncxRUVncndJdnZXOVc5dWl3bmMvaHE5RUdtWTRYYTdYbGtNTk5GaEdNaEdnYUlBUDFhalhEYUo0RXoKSmRRSzdYMlZVV3B0M3ZrYXN5bUg2VlozREcrNnBZVDU1NXpWQnRjNHBCc0xvM2J1RndOQ2VYR25kRFZnRTUyRwpzWS9SUGxiZ25NeWxFYi9JQmFiaWNqSTZOaFd4dStTYkdrbTlNcStnTU55UUN0RGoyUzhpbWZrTkFpeEYxUk54CkVXUUZ0WjNTYWFxQ3JRa2lrN1BkMHZMNCt6UXV5d1RiM3VNOGg0eTdvTlVwSmlwa29MREt3T1VaN1BCL2xsWlAKRmFzUzdpYUV0WUtlQVg3SVhDOVFuS0FZUmUzaVRMRFJ4eW41VGNlTndJN3RUWldWVXM3ejJ3ZXpOektFd3BXbgpuQm05aFFETkNlbFNCSVhQVkNDZnc0M1VIVlYrcmczdHJSYzhHcHBQdWw2TUtTK01oMlJTZE13RkQ4cHRqby9CCllnRjV3ZnZ1Rmk0cmx2NDNyVHhWR0ZEOWlRSURBUUFCbzBJd1FEQU9CZ05WSFE4QkFmOEVCQU1DQWdRd0R3WUQKVlIwVEFRSC9CQVV3QXdFQi96QWRCZ05WSFE0RUZnUVVVZkQrMzlHQzBtdFpycnNJaGpFd2pta0tEQVF3RFFZSgpLb1pJaHZjTkFRRUxCUUFEZ2dHQkFCWEViOUwxNmFmSUxPdmtNcTRtbzNzSjlNeGoyeWJOMnpJc09aUklZZ3BtClg1bURpTnFmeXlGbk1xOUxsdnl1RTVNMTNsalduckwxQUFpeXRuOWtIQzZKNk5QdVYreGFpc0NWTW5Pc1Z3amMKbmhyZWFqSVpCaHowSUhRL2dtY2tta1hYZTBkcWNPRVF4bGw2N1c0NThjSTMwOXRWbUZuM21wd2I3VWJ6UTBKUwpIZS9rTmxiMHFRWDhsVzR6ZWFBSGtrQklxRFlOZSs2TDcraG5KK1RHT3FnbmwxYnFPWkNLZnNSdXpZUTdUb3ZQCjFoY09yeEF3eGwyKzhaeUx4R3RpMWlqRjFVTzc2WDk3WS9zUmxsVUtvOERPK1c2Y2lsZ01DT2xvK1NNNHVpdmEKQnd5YUFtd0pEUENiUlpQVk9YaE1wWlVlbk5HQUNDZWgvUlM4VlVxdjdBSlk0aVhVaDVReWVEYStLeXFOcUdabgpTcXBVZFc3ckhCVE94eG82SWYzb2xMbXVOQi9OaFRjUzQyTCtWNXdwdER0bGdndkdFQkhiSHJ2a09VZWM2WWRuCjVuR2VPT1ZnVVBCdnRtQ1V4YmxIbDBzUDA0eExsazhhK1A3bmtlVngrUHl6aDV0VHRwTDJvWk83M2Yzc0YySlgKcjBBNWRBRnNtQnE2L09ZamV5MURVdz09Ci0tLS0tRU5EIENFUlRJRklDQVRFLS0tLS0K"
              }
            ],
            "master_authorized_networks_config": [],
            "master_version": "1.33.2-gke.1240000",
            "mesh_certificates": [],
            "min_master_version": null,
            "monitoring_config": [
              {
                "advanced_datapath_observability_config": [
                  {
                    "enable_metrics": false,
                    "relay_mode": ""
                  }
                ],
                "enable_components": [
                  "SYSTEM_COMPONENTS",
                  "STORAGE",
                  "HPA",
                  "POD",
                  "DAEMONSET",
                  "DEPLOYMENT",
                  "STATEFULSET",
                  "JOBSET",
                  "KUBELET",
                  "CADVISOR",
                  "DCGM"
                ],
                "managed_prometheus": [
                  {
                    "enabled": true
                  }
                ]
              }
            ],
            "monitoring_service": "monitoring.googleapis.com/kubernetes",
            "name": "production-cluster",
            "network": "projects/vital-orb-466100-c5/global/networks/default",
            "network_policy": [
              {
                "enabled": false,
                "provider": "PROVIDER_UNSPECIFIED"
              }
            ],
            "networking_mode": "ROUTES",
            "node_config": [],
            "node_locations": [],
            "node_pool": [],
            "node_pool_defaults": [
              {
                "node_config_defaults": [
                  {
                    "logging_variant": "DEFAULT"
                  }
                ]
              }
            ],
            "node_version": "1.33.2-gke.1240000",
            "notification_config": [
              {
                "pubsub": [
                  {
                    "enabled": false,
                    "filter": [],
                    "topic": ""
                  }
                ]
              }
            ],
            "operation": null,
            "private_cluster_config": [
              {
                "enable_private_endpoint": false,
                "enable_private_nodes": false,
                "master_global_access_config": [
                  {
                    "enabled": false
                  }
                ],
                "master_ipv4_cidr_block": "",
                "peering_name": "",
                "private_endpoint": "10.148.0.26",
                "private_endpoint_subnetwork": "",
                "public_endpoint": "34.124.210.147"
              }
            ],
            "private_ipv6_google_access": "",
            "project": "vital-orb-466100-c5",
            "release_channel": [
              {
                "channel": "REGULAR"
              }
            ],
            "remove_default_node_pool": null,
            "resource_labels": {},
            "resource_usage_export_config": [],
            "security_posture_config": [
              {
                "mode": "BASIC",
                "vulnerability_mode": "VULNERABILITY_MODE_UNSPECIFIED"
              }
            ],
            "self_link": "https://container.googleapis.com/v1/projects/vital-orb-466100-c5/zones/asia-southeast1-b/clusters/production-cluster",
            "service_external_ips_config": [
              {
                "enabled": false
              }
            ],
            "services_ipv4_cidr": "10.3.240.0/20",
            "subnetwork": "projects/vital-orb-466100-c5/regions/asia-southeast1/subnetworks/default",
            "tpu_ipv4_cidr_block": "",
            "vertical_pod_autoscaling": [],
            "workload_identity_config": []
          },
          "sensitive_attributes": [],
          "identity_schema_version": 0
        }
      ]
    },
    {
      "mode": "managed",
      "type": "google_container_cluster",
      "name": "main",
      "provider": "provider[\"registry.terraform.io/hashicorp/google\"]",
      "instances": [
        {
          "schema_version": 1,
          "attributes": {
            "addons_config": [
              {
                "cloudrun_config": [],
                "config_connector_config": [],
                "dns_cache_config": [],
                "gce_persistent_disk_csi_driver_config": [
                  {
                    "enabled": true
                  }
                ],
                "gcp_filestore_csi_driver_config": [],
                "gcs_fuse_csi_driver_config": [],
                "gke_backup_agent_config": [],
                "horizontal_pod_autoscaling": [],
                "http_load_balancing": [],
                "network_policy_config": [
                  {
                    "disabled": true
                  }
                ]
              }
            ],
            "allow_net_admin": null,
            "authenticator_groups_config": [],
            "binary_authorization": [
              {
                "enabled": false,
                "evaluation_mode": ""
              }
            ],
            "cluster_autoscaling": [
              {
                "auto_provisioning_defaults": [],
                "enabled": false,
                "resource_limits": []
              }
            ],
            "cluster_ipv4_cidr": "10.0.0.0/14",
            "confidential_nodes": [],
            "cost_management_config": [],
            "database_encryption": [
              {
                "key_name": "",
                "state": "DECRYPTED"
              }
            ],
            "datapath_provider": "",
            "default_max_pods_per_node": null,
            "default_snat_status": [
              {
                "disabled": false
              }
            ],
            "description": "",
            "dns_config": [],
            "enable_autopilot": false,
            "enable_binary_authorization": false,
            "enable_intranode_visibility": false,
            "enable_k8s_beta_apis": [],
            "enable_kubernetes_alpha": false,
            "enable_l4_ilb_subsetting": false,
            "enable_legacy_abac": false,
            "enable_shielded_nodes": true,
            "enable_tpu": false,
            "endpoint": "34.124.210.147",
            "gateway_api_config": [],
            "id": "projects/vital-orb-466100-c5/locations/asia-southeast1-b/clusters/production-cluster",
            "initial_node_count": 1,
            "ip_allocation_policy": [],
            "label_fingerprint": "a9dc16a7",
            "location": "asia-southeast1-b",
            "logging_config": [
              {
                "enable_components": [
                  "SYSTEM_COMPONENTS",
                  "WORKLOADS"
                ]
              }
            ],
            "logging_service": "logging.googleapis.com/kubernetes",
            "maintenance_policy": [],
            "master_auth": [
              {
                "client_certificate": "",
                "client_certificate_config": [
                  {
                    "issue_client_certificate": false
                  }
                ],
                "client_key": "",
                "cluster_ca_certificate": "LS0tLS1CRUdJTiBDRVJUSUZJQ0FURS0tLS0tCk1JSUVMRENDQXBTZ0F3SUJBZ0lRSy9oOUppNVhtL3JUVExQdHNIWWo1REFOQmdrcWhraUc5dzBCQVFzRkFEQXYKTVMwd0t3WURWUVFERXlRMU56QXpOelUwWVMwMFl6azVMVFF3TmpBdFlqYzNOQzB3TURRellUUTJOVGhrWVdJdwpJQmNOTWpVd09ESXlNRFkxTXpFMFdoZ1BNakExTlRBNE1UVXdOelV6TVRSYU1DOHhMVEFyQmdOVkJBTVRKRFUzCk1ETTNOVFJoTFRSak9Ua3ROREEyTUMxaU56YzBMVEF3TkROaE5EWTFPR1JoWWpDQ0FhSXdEUVlKS29aSWh2Y04KQVFFQkJRQURnZ0dQQURDQ0FZb0NnZ0dCQU96aFVrNlIrNkZ4dTVqRGFnMWVzeVdQYnZ0aDE1VGk1aUx3dmMzdAorRTJNcWRlNHBsOEpyc0lCdGRwVUxZZG5ETHlSSDRkaWFudGdTa1JHdUlmendSMFhSbFdzT0xYcU9NU1VUWlRECndjTU1QRncxRUVncndJdnZXOVc5dWl3bmMvaHE5RUdtWTRYYTdYbGtNTk5GaEdNaEdnYUlBUDFhalhEYUo0RXoKSmRRSzdYMlZVV3B0M3ZrYXN5bUg2VlozREcrNnBZVDU1NXpWQnRjNHBCc0xvM2J1RndOQ2VYR25kRFZnRTUyRwpzWS9SUGxiZ25NeWxFYi9JQmFiaWNqSTZOaFd4dStTYkdrbTlNcStnTU55UUN0RGoyUzhpbWZrTkFpeEYxUk54CkVXUUZ0WjNTYWFxQ3JRa2lrN1BkMHZMNCt6UXV5d1RiM3VNOGg0eTdvTlVwSmlwa29MREt3T1VaN1BCL2xsWlAKRmFzUzdpYUV0WUtlQVg3SVhDOVFuS0FZUmUzaVRMRFJ4eW41VGNlTndJN3RUWldWVXM3ejJ3ZXpOektFd3BXbgpuQm05aFFETkNlbFNCSVhQVkNDZnc0M1VIVlYrcmczdHJSYzhHcHBQdWw2TUtTK01oMlJTZE13RkQ4cHRqby9CCllnRjV3ZnZ1Rmk0cmx2NDNyVHhWR0ZEOWlRSURBUUFCbzBJd1FEQU9CZ05WSFE4QkFmOEVCQU1DQWdRd0R3WUQKVlIwVEFRSC9CQVV3QXdFQi96QWRCZ05WSFE0RUZnUVVVZkQrMzlHQzBtdFpycnNJaGpFd2pta0tEQVF3RFFZSgpLb1pJaHZjTkFRRUxCUUFEZ2dHQkFCWEViOUwxNmFmSUxPdmtNcTRtbzNzSjlNeGoyeWJOMnpJc09aUklZZ3BtClg1bURpTnFmeXlGbk1xOUxsdnl1RTVNMTNsalduckwxQUFpeXRuOWtIQzZKNk5QdVYreGFpc0NWTW5Pc1Z3amMKbmhyZWFqSVpCaHowSUhRL2dtY2tta1hYZTBkcWNPRVF4bGw2N1c0NThjSTMwOXRWbUZuM21wd2I3VWJ6UTBKUwpIZS9rTmxiMHFRWDhsVzR6ZWFBSGtrQklxRFlOZSs2TDcraG5KK1RHT3FnbmwxYnFPWkNLZnNSdXpZUTdUb3ZQCjFoY09yeEF3eGwyKzhaeUx4R3RpMWlqRjFVTzc2WDk3WS9zUmxsVUtvOERPK1c2Y2lsZ01DT2xvK1NNNHVpdmEKQnd5YUFtd0pEUENiUlpQVk9YaE1wWlVlbk5HQUNDZWgvUlM4VlVxdjdBSlk0aVhVaDVReWVEYStLeXFOcUdabgpTcXBVZFc3ckhCVE94eG82SWYzb2xMbXVOQi9OaFRjUzQyTCtWNXdwdER0bGdndkdFQkhiSHJ2a09VZWM2WWRuCjVuR2VPT1ZnVVBCdnRtQ1V4YmxIbDBzUDA0eExsazhhK1A3bmtlVngrUHl6aDV0VHRwTDJvWk83M2Yzc0YySlgKcjBBNWRBRnNtQnE2L09ZamV5MURVdz09Ci0tLS0tRU5EIENFUlRJRklDQVRFLS0tLS0K"
              }
            ],
            "master_authorized_networks_config": [],
            "master_version": "1.33.2-gke.1240000",
            "mesh_certificates": [],
            "min_master_version": null,
            "monitoring_config": [
              {
                "advanced_datapath_observability_config": [
                  {
                    "enable_metrics": false,
                    "relay_mode": ""
                  }
                ],
                "enable_components": [
                  "SYSTEM_COMPONENTS",
                  "STORAGE",
                  "HPA",
                  "POD",
                  "DAEMONSET",
                  "DEPLOYMENT",
                  "STATEFULSET",
                  "JOBSET",
                  "KUBELET",
                  "CADVISOR",
                  "DCGM"
                ],
                "managed_prometheus": [
                  {
                    "enabled": true
                  }
                ]
              }
            ],
            "monitoring_service": "monitoring.googleapis.com/kubernetes",
            "name": "production-cluster",
            "network": "projects/vital-orb-466100-c5/global/networks/default",
            "network_policy": [
              {
                "enabled": false,
                "provider": "PROVIDER_UNSPECIFIED"
              }
            ],
            "networking_mode": "ROUTES",
            "node_config": [],
            "node_locations": [],
            "node_pool": [],
            "node_pool_defaults": [
              {
                "node_config_defaults": [
                  {
                    "logging_variant": "DEFAULT"
                  }
                ]
              }
            ],
            "node_version": "1.33.2-gke.1240000",
            "notification_config": [
              {
                "pubsub": [
                  {
                    "enabled": false,
                    "filter": [],
                    "topic": ""
                  }
                ]
              }
            ],
            "operation": null,
            "private_cluster_config": [
              {
                "enable_private_endpoint": false,
                "enable_private_nodes": false,
                "master_global_access_config": [
                  {
                    "enabled": false
                  }
                ],
                "master_ipv4_cidr_block": "",
                "peering_name": "",
                "private_endpoint": "10.148.0.26",
                "private_endpoint_subnetwork": "",
                "public_endpoint": "34.124.210.147"
              }
            ],
            "private_ipv6_google_access": "",
            "project": "vital-orb-466100-c5",
            "release_channel": [
              {
                "channel": "REGULAR"
              }
            ],
            "remove_default_node_pool": true,
            "resource_labels": null,
            "resource_usage_export_config": [],
            "security_posture_config": [
              {
                "mode": "BASIC",
                "vulnerability_mode": "VULNERABILITY_MODE_UNSPECIFIED"
              }
            ],
            "self_link": "https://container.googleapis.com/v1/projects/vital-orb-466100-c5/zones/asia-southeast1-b/clusters/production-cluster",
            "service_external_ips_config": [
              {
                "enabled": false
              }
            ],
            "services_ipv4_cidr": "10.3.240.0/20",
            "subnetwork": "projects/vital-orb-466100-c5/regions/asia-southeast1/subnetworks/default",
            "timeouts": {
              "create": "30m",
              "delete": "20m",
              "read": null,
              "update": "20m"
            },
            "tpu_ipv4_cidr_block": "",
            "vertical_pod_autoscaling": [],
            "workload_identity_config": []
          },
          "sensitive_attributes": [
            [
              {
                "type": "get_attr",
                "value": "master_auth"
              },
              {
                "type": "index",
                "value": {
                  "value": 0,
                  "type": "number"
                }
              },
              {
                "type": "get_attr",
                "value": "client_key"
              }
            ]
          ],
          "identity_schema_version": 0,
          "private": "eyJlMmJmYjczMC1lY2FhLTExZTYtOGY4OC0zNDM2M2JjN2M0YzAiOnsiY3JlYXRlIjoxODAwMDAwMDAwMDAwLCJkZWxldGUiOjEyMDAwMDAwMDAwMDAsInJlYWQiOjI0MDAwMDAwMDAwMDAsInVwZGF0ZSI6MTIwMDAwMDAwMDAwMH0sInNjaGVtYV92ZXJzaW9uIjoiMSJ9"
        }
      ]
    },
    {
      "mode": "managed",
      "type": "google_container_node_pool",
      "name": "main",
      "provider": "provider[\"registry.terraform.io/hashicorp/google\"]",
      "instances": [
        {
          "schema_version": 1,
          "attributes": {
            "autoscaling": [
              {
                "location_policy": "BALANCED",
                "max_node_count": 3,
                "min_node_count": 1,
                "total_max_node_count": 0,
                "total_min_node_count": 0
              }
            ],
            "cluster": "production-cluster",
            "id": "projects/vital-orb-466100-c5/locations/asia-southeast1-b/clusters/production-cluster/nodePools/production-cluster-node-pool",
            "initial_node_count": 0,
            "instance_group_urls": [
              "https://www.googleapis.com/compute/v1/projects/vital-orb-466100-c5/zones/asia-southeast1-b/instanceGroupManagers/gke-production-clust-production-clust-f3930376-grp"
            ],
            "location": "asia-southeast1-b",
            "managed_instance_group_urls": [
              "https://www.googleapis.com/compute/v1/projects/vital-orb-466100-c5/zones/asia-southeast1-b/instanceGroups/gke-production-clust-production-clust-f3930376-grp"
            ],
            "management": [
              {
                "auto_repair": true,
                "auto_upgrade": true
              }
            ],
            "max_pods_per_node": null,
            "name": "production-cluster-node-pool",
            "name_prefix": "",
            "network_config": [],
            "node_config": [
              {
                "advanced_machine_features": [],
                "boot_disk_kms_key": "",
                "disk_size_gb": 50,
                "disk_type": "pd-balanced",
                "ephemeral_storage_local_ssd_config": [],
                "gcfs_config": [],
                "guest_accelerator": [],
                "gvnic": [],
                "host_maintenance_policy": [],
                "image_type": "COS_CONTAINERD",
                "kubelet_config": [
                  {
                    "cpu_cfs_quota": false,
                    "cpu_cfs_quota_period": "",
                    "cpu_manager_policy": "",
                    "pod_pids_limit": 0
                  }
                ],
                "labels": {},
                "linux_node_config": [],
                "local_nvme_ssd_block_config": [],
                "local_ssd_count": 0,
                "logging_variant": "DEFAULT",
                "machine_type": "e2-standard-4",
                "metadata": {
                  "disable-legacy-endpoints": "true"
                },
                "min_cpu_platform": "",
                "node_group": "",
                "oauth_scopes": [
                  "https://www.googleapis.com/auth/devstorage.read_only",
                  "https://www.googleapis.com/auth/logging.write",
                  "https://www.googleapis.com/auth/monitoring",
                  "https://www.googleapis.com/auth/service.management.readonly",
                  "https://www.googleapis.com/auth/servicecontrol",
                  "https://www.googleapis.com/auth/trace.append"
                ],
                "preemptible": false,
                "reservation_affinity": [],
                "resource_labels": {
                  "goog-gke-node-pool-provisioning-model": "on-demand"
                },
                "service_account": "default",
                "shielded_instance_config": [
                  {
                    "enable_integrity_monitoring": true,
                    "enable_secure_boot": false
                  }
                ],
                "sole_tenant_config": [],
                "spot": false,
                "tags": null,
                "taint": [],
                "workload_metadata_config": []
              }
            ],
            "node_count": 0,
            "node_locations": [
              "asia-southeast1-b"
            ],
            "operation": null,
            "placement_policy": [],
            "project": "vital-orb-466100-c5",
            "timeouts": {
              "create": "30m",
              "delete": "20m",
              "update": "20m"
            },
            "upgrade_settings": [
              {
                "blue_green_settings": [],
                "max_surge": 1,
                "max_unavailable": 0,
                "strategy": "SURGE"
              }
            ],
            "version": "1.33.2-gke.1240000"
          },
          "sensitive_attributes": [],
          "identity_schema_version": 0,
          "private": "eyJlMmJmYjczMC1lY2FhLTExZTYtOGY4OC0zNDM2M2JjN2M0YzAiOnsiY3JlYXRlIjoxODAwMDAwMDAwMDAwLCJkZWxldGUiOjEyMDAwMDAwMDAwMDAsInVwZGF0ZSI6MTIwMDAwMDAwMDAwMH0sInNjaGVtYV92ZXJzaW9uIjoiMSJ9",
          "dependencies": [
            "google_container_cluster.main"
          ]
        }
      ]
    },
    {
      "mode": "managed",
      "type": "helm_release",
      "name": "argocd",
      "provider": "provider[\"registry.terraform.io/hashicorp/helm\"]",
      "instances": [
        {
          "schema_version": 2,
          "attributes": {
            "atomic": false,
            "chart": "argo-cd",
            "cleanup_on_fail": false,
            "create_namespace": true,
            "dependency_update": false,
            "description": null,
            "devel": null,
            "disable_crd_hooks": false,
            "disable_openapi_validation": false,
            "disable_webhooks": false,
            "force_update": false,
            "id": "argocd",
            "keyring": null,
            "lint": false,
            "manifest": null,
            "max_history": 0,
            "metadata": {
              "app_version": "v3.0.3",
              "chart": "argo-cd",
              "first_deployed": 1755849847,
              "last_deployed": 1755849847,
              "name": "argocd",
              "namespace": "argo-cd",
              "notes": "\nIn order to access the server UI you have the following options:\n\n1. kubectl port-forward service/argocd-server -n argo-cd 8080:443\n\n    and then open the browser on http://localhost:8080 and accept the certificate\n\n2. enable ingress in the values file `server.ingress.enabled` and either\n      - Add the annotation for ssl passthrough: https://argo-cd.readthedocs.io/en/stable/operator-manual/ingress/#option-1-ssl-passthrough\n      - Set the `configs.params.\"server.insecure\"` in the values file and terminate SSL at your ingress: https://argo-cd.readthedocs.io/en/stable/operator-manual/ingress/#option-2-multiple-ingress-objects-and-hosts\n\n\nAfter reaching the UI the first time you can login with username: admin and the random password generated during the installation. You can find the password by running:\n\nkubectl -n argo-cd get secret argocd-initial-admin-secret -o jsonpath=\"{.data.password}\" | base64 -d\n\n(You should delete the initial secret afterwards as suggested by the Getting Started Guide: https://argo-cd.readthedocs.io/en/stable/getting_started/#4-login-using-the-cli)\n",
              "revision": 1,
              "values": "{\"configs\":{\"params\":{\"server.insecure\":true}}}",
              "version": "8.0.9"
            },
            "name": "argocd",
            "namespace": "argo-cd",
            "pass_credentials": false,
            "postrender": null,
            "recreate_pods": false,
            "render_subchart_notes": true,
            "replace": false,
            "repository": "https://argoproj.github.io/argo-helm",
            "repository_ca_file": null,
            "repository_cert_file": null,
            "repository_key_file": null,
            "repository_password": null,
            "repository_username": null,
            "reset_values": false,
            "reuse_values": false,
            "set": null,
            "set_list": null,
            "set_sensitive": null,
            "set_wo": null,
            "set_wo_revision": null,
            "skip_crds": false,
            "status": "deployed",
            "timeout": 300,
            "values": [
              "\"configs\":\n  \"params\":\n    \"server.insecure\": true\n"
            ],
            "verify": false,
            "version": "8.0.9",
            "wait": true,
            "wait_for_jobs": false
          },
          "sensitive_attributes": [
            [
              {
                "type": "get_attr",
                "value": "repository_password"
              }
            ]
          ],
          "identity_schema_version": 0,
          "identity": {
            "namespace": "argo-cd",
            "release_name": "argocd"
          },
          "dependencies": [
            "data.google_client_config.default",
            "data.google_container_cluster.main",
            "google_container_cluster.main",
            "google_container_node_pool.main"
          ]
        }
      ]
    }
  ],
  "check_results": null
}
