{
  "version": 4,
  "terraform_version": "1.12.2",
  "serial": 23,
  "lineage": "71a48b0d-e13c-0d5b-e208-c8759b50b3a3",
  "outputs": {
    "argocd_initial_admin_secret": {
      "value": "kubectl -n argo-cd get secret argocd-initial-admin-secret -o jsonpath='{.data.password}' | base64 -d",
      "type": "string"
    },
    "gke_connect": {
      "value": "gcloud container clusters get-credentials debug-cluster --location asia-southeast1-b",
      "type": "string"
    }
  },
  "resources": [
    {
      "mode": "data",
      "type": "google_client_config",
      "name": "default",
      "provider": "provider[\"registry.terraform.io/hashicorp/google\"]",
      "instances": [
        {
          "schema_version": 0,
          "attributes": {
            "access_token": "ya29.a0AS3H6NyD2GAbrvN59aZOWqPBdMEo9vLuzl9CXcGnsYJ12tMXLl5Tu2Lh4gncz4EncWDbBwvb-yp4ZMZy4cL2wxuAlPuplpYSj46sYR31PqmeLcYBNpbC5ztbD-BhoXJD6tTxwvg7gdarRuHROpEIYOjU7wQ9TNqkrK0Ln8_bowaCgYKAWISAQ0SFQHGX2MipbO9aAvXMiSDqhy_VocscA0177",
            "id": "projects/\"my-k8s-projects-468908\"/regions/\"asia-southeast1\"/zones/\"asia-southeast1-b\"",
            "project": "my-k8s-projects-468908",
            "region": "asia-southeast1",
            "zone": "asia-southeast1-b"
          },
          "sensitive_attributes": [
            [
              {
                "type": "get_attr",
                "value": "access_token"
              }
            ]
          ],
          "identity_schema_version": 0
        }
      ]
    },
    {
      "mode": "data",
      "type": "google_container_cluster",
      "name": "main",
      "provider": "provider[\"registry.terraform.io/hashicorp/google\"]",
      "instances": [
        {
          "schema_version": 0,
          "attributes": {
            "addons_config": [
              {
                "cloudrun_config": [],
                "config_connector_config": [],
                "dns_cache_config": [],
                "gce_persistent_disk_csi_driver_config": [
                  {
                    "enabled": true
                  }
                ],
                "gcp_filestore_csi_driver_config": [],
                "gcs_fuse_csi_driver_config": [],
                "gke_backup_agent_config": [],
                "horizontal_pod_autoscaling": [],
                "http_load_balancing": [],
                "network_policy_config": [
                  {
                    "disabled": true
                  }
                ]
              }
            ],
            "allow_net_admin": null,
            "authenticator_groups_config": [],
            "binary_authorization": [
              {
                "enabled": false,
                "evaluation_mode": ""
              }
            ],
            "cluster_autoscaling": [
              {
                "auto_provisioning_defaults": [],
                "enabled": false,
                "resource_limits": []
              }
            ],
            "cluster_ipv4_cidr": "10.96.0.0/14",
            "confidential_nodes": [],
            "cost_management_config": [],
            "database_encryption": [
              {
                "key_name": "",
                "state": "DECRYPTED"
              }
            ],
            "datapath_provider": "",
            "default_max_pods_per_node": null,
            "default_snat_status": [
              {
                "disabled": false
              }
            ],
            "description": "",
            "dns_config": [],
            "enable_autopilot": false,
            "enable_binary_authorization": false,
            "enable_intranode_visibility": false,
            "enable_k8s_beta_apis": [],
            "enable_kubernetes_alpha": false,
            "enable_l4_ilb_subsetting": false,
            "enable_legacy_abac": false,
            "enable_shielded_nodes": true,
            "enable_tpu": false,
            "endpoint": "34.143.213.18",
            "gateway_api_config": [],
            "id": "projects/my-k8s-projects-468908/locations/asia-southeast1-b/clusters/debug-cluster",
            "initial_node_count": 1,
            "ip_allocation_policy": [],
            "label_fingerprint": "a9dc16a7",
            "location": "asia-southeast1-b",
            "logging_config": [
              {
                "enable_components": [
                  "SYSTEM_COMPONENTS",
                  "WORKLOADS"
                ]
              }
            ],
            "logging_service": "logging.googleapis.com/kubernetes",
            "maintenance_policy": [],
            "master_auth": [
              {
                "client_certificate": "",
                "client_certificate_config": [
                  {
                    "issue_client_certificate": false
                  }
                ],
                "client_key": "",
                "cluster_ca_certificate": "LS0tLS1CRUdJTiBDRVJUSUZJQ0FURS0tLS0tCk1JSUVMVENDQXBXZ0F3SUJBZ0lSQUs1M2tOaXdQaFRrOTRiUmdmQ0gwTTR3RFFZSktvWklodmNOQVFFTEJRQXcKTHpFdE1Dc0dBMVVFQXhNa016Y3pOREE0WXprdE1qSXdNaTAwT1RGbUxUazNNbVV0TTJKa05XVmhOMll5TlRrMQpNQ0FYRFRJMU1EZ3hPREl4TkRreU9Gb1lEekl3TlRVd09ERXhNakkwT1RJNFdqQXZNUzB3S3dZRFZRUURFeVF6Ck56TTBNRGhqT1MweU1qQXlMVFE1TVdZdE9UY3laUzB6WW1RMVpXRTNaakkxT1RVd2dnR2lNQTBHQ1NxR1NJYjMKRFFFQkFRVUFBNElCandBd2dnR0tBb0lCZ1FETUQ4cThKWkF6OTlzSC9ST1Z5Ujh5M0lNdXJWU0MrWUtqMnhQbQpCZkp0UXFyaUh5S3hlbjhKUmx3TFhZZ3B4Y0IrZ1hvbFVNaUlVTTFSNCtlbGRsVEhzNllSeW9MWVJ6eUlqNHBMCjNJMnJpYjdpR3F5UWk5Z1BhVWxrVEUxNTlRcVp4dWkxaVQ2SVBqZmFmOExFWmFzVXNmempGcWhGSmxiMVhPSTAKdDI4MXJTS2wxcUZBSk1jYTZzd0k5R2dRT2MvaWx3REp3bDB1Nkw3dCtlcFhEU2w3YjRLUkFObGlwQmlDMDZuMwpSWFpJVGFxc0w0b09SRUVwMmllMjZGM295RnZUdXhyNzNqekpBK3k0RUNMQi9oemNQQkRhUU0yVkRWbjFSVlR5CmdQSENRb1psWSt5ZkdFSmZETTlCekxBcC9FMW5UZEFPMGNZMkE5Qk5SeGNqMmxlS3Z0RDczSzIrSk53MURicGoKWXZhUStPZlBoQ0RhQlc2UjJHYTIyVkllUWc3UkwrOXJBYVZhdDNWK1QyeU5BRmMrdFZKZHlmYkxUY3pVOW4zQwpPZm1WSnNRdHVUa05UZG8xNFBsdVppbzRoS0V1VEtPU3h4MW1abzNmRG9YWnZvYktwVVJ5VTlHNE5wSDZhdXB2ClRRMlV6UGdIb3ZYb2tHUndSSHhYSWFmcEVhc0NBd0VBQWFOQ01FQXdEZ1lEVlIwUEFRSC9CQVFEQWdJRU1BOEcKQTFVZEV3RUIvd1FGTUFNQkFmOHdIUVlEVlIwT0JCWUVGT1BSZUU4ckJ0NFpPejJPaytoUFNaaXpWSnNpTUEwRwpDU3FHU0liM0RRRUJDd1VBQTRJQmdRQ3pPZ0paYnFZZVoxQkFWYitTMFdGaTZRdk1ERFhMUE53QkxLWnNHUW5lCmRJWk8wRWNoaUhJY2Z4cC9uN3lZVWE5a29Da1hHUGVRY0k0cWRNaW81L2hEbmR3cVcvOVhKZW14b2VEREF3b04KN25ZeFAvMlZIRFdaWUhLcVFaMWdJdytuMG1kS2t2b2ttY3h1YUJscERRSmFiVFd5T3JZSDhaaEdsZWVpV0treApVeU1VZzYxeDB4cGxET3cwaW1VSmVLWDd4QkNhWEZWVWp5cDNDMVJEZ1V3d3k3bGIrR3c2ZzBRb3VNUVRZek1JCkZRcnBVM2tZSWdOUHdGQTZoU3Zja1habDgvaGpCNEs3ZmdlSjBMZ24xT0doVHczcGc2NnI3WThGdXVCQ05yeWkKd2U3S2RYYUQra2QvLzlWWExpN0lKREJHTlFBU0krd1kyd1hoR0cxd0dNNEppL216cXBFbURyVWlDSzgxV29oMApkcTBXdk9vUjk2dnBjODNnV2FKZ05ZQ0RKeEJSOXpubUcraXdvQnp4U0ZSMkdWc3VkbDlvZ20waGh3c25LZ1BSCkhiTDJlYUVmWHFPT25SYjdQaDN0ZFVoSmxCQkV0U3QvSnpheDhmVW9uN01TYVpGN0tONlhjSG0zc051NllNNDQKNm1oSmR5K3lEVWdIUDJYc3FsMmtTRlk9Ci0tLS0tRU5EIENFUlRJRklDQVRFLS0tLS0K"
              }
            ],
            "master_authorized_networks_config": [],
            "master_version": "1.33.2-gke.1240000",
            "mesh_certificates": [],
            "min_master_version": null,
            "monitoring_config": [
              {
                "advanced_datapath_observability_config": [
                  {
                    "enable_metrics": false,
                    "relay_mode": ""
                  }
                ],
                "enable_components": [
                  "SYSTEM_COMPONENTS",
                  "DAEMONSET",
                  "DEPLOYMENT",
                  "STATEFULSET",
                  "JOBSET",
                  "STORAGE",
                  "HPA",
                  "POD",
                  "CADVISOR",
                  "KUBELET",
                  "DCGM"
                ],
                "managed_prometheus": [
                  {
                    "enabled": true
                  }
                ]
              }
            ],
            "monitoring_service": "monitoring.googleapis.com/kubernetes",
            "name": "debug-cluster",
            "network": "projects/my-k8s-projects-468908/global/networks/default",
            "network_policy": [
              {
                "enabled": false,
                "provider": "PROVIDER_UNSPECIFIED"
              }
            ],
            "networking_mode": "ROUTES",
            "node_config": [],
            "node_locations": [],
            "node_pool": [],
            "node_pool_defaults": [
              {
                "node_config_defaults": [
                  {
                    "logging_variant": "DEFAULT"
                  }
                ]
              }
            ],
            "node_version": "1.33.2-gke.1240000",
            "notification_config": [
              {
                "pubsub": [
                  {
                    "enabled": false,
                    "filter": [],
                    "topic": ""
                  }
                ]
              }
            ],
            "operation": null,
            "private_cluster_config": [
              {
                "enable_private_endpoint": false,
                "enable_private_nodes": false,
                "master_global_access_config": [
                  {
                    "enabled": false
                  }
                ],
                "master_ipv4_cidr_block": "",
                "peering_name": "",
                "private_endpoint": "10.148.0.48",
                "private_endpoint_subnetwork": "",
                "public_endpoint": "34.143.213.18"
              }
            ],
            "private_ipv6_google_access": "",
            "project": "my-k8s-projects-468908",
            "release_channel": [
              {
                "channel": "REGULAR"
              }
            ],
            "remove_default_node_pool": null,
            "resource_labels": {},
            "resource_usage_export_config": [],
            "security_posture_config": [
              {
                "mode": "BASIC",
                "vulnerability_mode": "VULNERABILITY_MODE_UNSPECIFIED"
              }
            ],
            "self_link": "https://container.googleapis.com/v1/projects/my-k8s-projects-468908/zones/asia-southeast1-b/clusters/debug-cluster",
            "service_external_ips_config": [
              {
                "enabled": false
              }
            ],
            "services_ipv4_cidr": "10.99.240.0/20",
            "subnetwork": "projects/my-k8s-projects-468908/regions/asia-southeast1/subnetworks/default",
            "tpu_ipv4_cidr_block": "",
            "vertical_pod_autoscaling": [],
            "workload_identity_config": []
          },
          "sensitive_attributes": [],
          "identity_schema_version": 0
        }
      ]
    },
    {
      "mode": "managed",
      "type": "google_compute_firewall",
      "name": "allow_app_ports",
      "provider": "provider[\"registry.terraform.io/hashicorp/google\"]",
      "instances": [
        {
          "schema_version": 1,
          "attributes": {
            "allow": [
              {
                "ports": [
                  "80",
                  "443"
                ],
                "protocol": "tcp"
              }
            ],
            "creation_timestamp": "2025-08-18T15:56:31.029-07:00",
            "deny": [],
            "description": "",
            "destination_ranges": [],
            "direction": "INGRESS",
            "disabled": false,
            "enable_logging": null,
            "id": "projects/my-k8s-projects-468908/global/firewalls/allow-app-ports-ingress",
            "log_config": [],
            "name": "allow-app-ports-ingress",
            "network": "https://www.googleapis.com/compute/v1/projects/my-k8s-projects-468908/global/networks/default",
            "priority": 1000,
            "project": "my-k8s-projects-468908",
            "self_link": "https://www.googleapis.com/compute/v1/projects/my-k8s-projects-468908/global/firewalls/allow-app-ports-ingress",
            "source_ranges": [
              "0.0.0.0/0"
            ],
            "source_service_accounts": [],
            "source_tags": [],
            "target_service_accounts": [],
            "target_tags": [],
            "timeouts": null
          },
          "sensitive_attributes": [],
          "identity_schema_version": 0,
          "private": "eyJlMmJmYjczMC1lY2FhLTExZTYtOGY4OC0zNDM2M2JjN2M0YzAiOnsiY3JlYXRlIjoxMjAwMDAwMDAwMDAwLCJkZWxldGUiOjEyMDAwMDAwMDAwMDAsInVwZGF0ZSI6MTIwMDAwMDAwMDAwMH0sInNjaGVtYV92ZXJzaW9uIjoiMSJ9",
          "dependencies": [
            "google_container_cluster.main",
            "google_container_node_pool.main"
          ]
        }
      ]
    },
    {
      "mode": "managed",
      "type": "google_container_cluster",
      "name": "main",
      "provider": "provider[\"registry.terraform.io/hashicorp/google\"]",
      "instances": [
        {
          "schema_version": 1,
          "attributes": {
            "addons_config": [
              {
                "cloudrun_config": [],
                "config_connector_config": [],
                "dns_cache_config": [],
                "gce_persistent_disk_csi_driver_config": [
                  {
                    "enabled": true
                  }
                ],
                "gcp_filestore_csi_driver_config": [],
                "gcs_fuse_csi_driver_config": [],
                "gke_backup_agent_config": [],
                "horizontal_pod_autoscaling": [],
                "http_load_balancing": [],
                "network_policy_config": [
                  {
                    "disabled": true
                  }
                ]
              }
            ],
            "allow_net_admin": null,
            "authenticator_groups_config": [],
            "binary_authorization": [
              {
                "enabled": false,
                "evaluation_mode": ""
              }
            ],
            "cluster_autoscaling": [
              {
                "auto_provisioning_defaults": [],
                "enabled": false,
                "resource_limits": []
              }
            ],
            "cluster_ipv4_cidr": "10.96.0.0/14",
            "confidential_nodes": [],
            "cost_management_config": [],
            "database_encryption": [
              {
                "key_name": "",
                "state": "DECRYPTED"
              }
            ],
            "datapath_provider": "",
            "default_max_pods_per_node": null,
            "default_snat_status": [
              {
                "disabled": false
              }
            ],
            "description": "",
            "dns_config": [],
            "enable_autopilot": false,
            "enable_binary_authorization": false,
            "enable_intranode_visibility": false,
            "enable_k8s_beta_apis": [],
            "enable_kubernetes_alpha": false,
            "enable_l4_ilb_subsetting": false,
            "enable_legacy_abac": false,
            "enable_shielded_nodes": true,
            "enable_tpu": false,
            "endpoint": "34.143.213.18",
            "gateway_api_config": [],
            "id": "projects/my-k8s-projects-468908/locations/asia-southeast1-b/clusters/debug-cluster",
            "initial_node_count": 1,
            "ip_allocation_policy": [],
            "label_fingerprint": "a9dc16a7",
            "location": "asia-southeast1-b",
            "logging_config": [
              {
                "enable_components": [
                  "SYSTEM_COMPONENTS",
                  "WORKLOADS"
                ]
              }
            ],
            "logging_service": "logging.googleapis.com/kubernetes",
            "maintenance_policy": [],
            "master_auth": [
              {
                "client_certificate": "",
                "client_certificate_config": [
                  {
                    "issue_client_certificate": false
                  }
                ],
                "client_key": "",
                "cluster_ca_certificate": "LS0tLS1CRUdJTiBDRVJUSUZJQ0FURS0tLS0tCk1JSUVMVENDQXBXZ0F3SUJBZ0lSQUs1M2tOaXdQaFRrOTRiUmdmQ0gwTTR3RFFZSktvWklodmNOQVFFTEJRQXcKTHpFdE1Dc0dBMVVFQXhNa016Y3pOREE0WXprdE1qSXdNaTAwT1RGbUxUazNNbVV0TTJKa05XVmhOMll5TlRrMQpNQ0FYRFRJMU1EZ3hPREl4TkRreU9Gb1lEekl3TlRVd09ERXhNakkwT1RJNFdqQXZNUzB3S3dZRFZRUURFeVF6Ck56TTBNRGhqT1MweU1qQXlMVFE1TVdZdE9UY3laUzB6WW1RMVpXRTNaakkxT1RVd2dnR2lNQTBHQ1NxR1NJYjMKRFFFQkFRVUFBNElCandBd2dnR0tBb0lCZ1FETUQ4cThKWkF6OTlzSC9ST1Z5Ujh5M0lNdXJWU0MrWUtqMnhQbQpCZkp0UXFyaUh5S3hlbjhKUmx3TFhZZ3B4Y0IrZ1hvbFVNaUlVTTFSNCtlbGRsVEhzNllSeW9MWVJ6eUlqNHBMCjNJMnJpYjdpR3F5UWk5Z1BhVWxrVEUxNTlRcVp4dWkxaVQ2SVBqZmFmOExFWmFzVXNmempGcWhGSmxiMVhPSTAKdDI4MXJTS2wxcUZBSk1jYTZzd0k5R2dRT2MvaWx3REp3bDB1Nkw3dCtlcFhEU2w3YjRLUkFObGlwQmlDMDZuMwpSWFpJVGFxc0w0b09SRUVwMmllMjZGM295RnZUdXhyNzNqekpBK3k0RUNMQi9oemNQQkRhUU0yVkRWbjFSVlR5CmdQSENRb1psWSt5ZkdFSmZETTlCekxBcC9FMW5UZEFPMGNZMkE5Qk5SeGNqMmxlS3Z0RDczSzIrSk53MURicGoKWXZhUStPZlBoQ0RhQlc2UjJHYTIyVkllUWc3UkwrOXJBYVZhdDNWK1QyeU5BRmMrdFZKZHlmYkxUY3pVOW4zQwpPZm1WSnNRdHVUa05UZG8xNFBsdVppbzRoS0V1VEtPU3h4MW1abzNmRG9YWnZvYktwVVJ5VTlHNE5wSDZhdXB2ClRRMlV6UGdIb3ZYb2tHUndSSHhYSWFmcEVhc0NBd0VBQWFOQ01FQXdEZ1lEVlIwUEFRSC9CQVFEQWdJRU1BOEcKQTFVZEV3RUIvd1FGTUFNQkFmOHdIUVlEVlIwT0JCWUVGT1BSZUU4ckJ0NFpPejJPaytoUFNaaXpWSnNpTUEwRwpDU3FHU0liM0RRRUJDd1VBQTRJQmdRQ3pPZ0paYnFZZVoxQkFWYitTMFdGaTZRdk1ERFhMUE53QkxLWnNHUW5lCmRJWk8wRWNoaUhJY2Z4cC9uN3lZVWE5a29Da1hHUGVRY0k0cWRNaW81L2hEbmR3cVcvOVhKZW14b2VEREF3b04KN25ZeFAvMlZIRFdaWUhLcVFaMWdJdytuMG1kS2t2b2ttY3h1YUJscERRSmFiVFd5T3JZSDhaaEdsZWVpV0treApVeU1VZzYxeDB4cGxET3cwaW1VSmVLWDd4QkNhWEZWVWp5cDNDMVJEZ1V3d3k3bGIrR3c2ZzBRb3VNUVRZek1JCkZRcnBVM2tZSWdOUHdGQTZoU3Zja1habDgvaGpCNEs3ZmdlSjBMZ24xT0doVHczcGc2NnI3WThGdXVCQ05yeWkKd2U3S2RYYUQra2QvLzlWWExpN0lKREJHTlFBU0krd1kyd1hoR0cxd0dNNEppL216cXBFbURyVWlDSzgxV29oMApkcTBXdk9vUjk2dnBjODNnV2FKZ05ZQ0RKeEJSOXpubUcraXdvQnp4U0ZSMkdWc3VkbDlvZ20waGh3c25LZ1BSCkhiTDJlYUVmWHFPT25SYjdQaDN0ZFVoSmxCQkV0U3QvSnpheDhmVW9uN01TYVpGN0tONlhjSG0zc051NllNNDQKNm1oSmR5K3lEVWdIUDJYc3FsMmtTRlk9Ci0tLS0tRU5EIENFUlRJRklDQVRFLS0tLS0K"
              }
            ],
            "master_authorized_networks_config": [],
            "master_version": "1.33.2-gke.1240000",
            "mesh_certificates": [],
            "min_master_version": null,
            "monitoring_config": [
              {
                "advanced_datapath_observability_config": [
                  {
                    "enable_metrics": false,
                    "relay_mode": ""
                  }
                ],
                "enable_components": [
                  "SYSTEM_COMPONENTS",
                  "DAEMONSET",
                  "DEPLOYMENT",
                  "STATEFULSET",
                  "JOBSET",
                  "STORAGE",
                  "HPA",
                  "POD",
                  "CADVISOR",
                  "KUBELET",
                  "DCGM"
                ],
                "managed_prometheus": [
                  {
                    "enabled": true
                  }
                ]
              }
            ],
            "monitoring_service": "monitoring.googleapis.com/kubernetes",
            "name": "debug-cluster",
            "network": "projects/my-k8s-projects-468908/global/networks/default",
            "network_policy": [
              {
                "enabled": false,
                "provider": "PROVIDER_UNSPECIFIED"
              }
            ],
            "networking_mode": "ROUTES",
            "node_config": [],
            "node_locations": [],
            "node_pool": [],
            "node_pool_defaults": [
              {
                "node_config_defaults": [
                  {
                    "logging_variant": "DEFAULT"
                  }
                ]
              }
            ],
            "node_version": "1.33.2-gke.1240000",
            "notification_config": [
              {
                "pubsub": [
                  {
                    "enabled": false,
                    "filter": [],
                    "topic": ""
                  }
                ]
              }
            ],
            "operation": null,
            "private_cluster_config": [
              {
                "enable_private_endpoint": false,
                "enable_private_nodes": false,
                "master_global_access_config": [
                  {
                    "enabled": false
                  }
                ],
                "master_ipv4_cidr_block": "",
                "peering_name": "",
                "private_endpoint": "10.148.0.48",
                "private_endpoint_subnetwork": "",
                "public_endpoint": "34.143.213.18"
              }
            ],
            "private_ipv6_google_access": "",
            "project": "my-k8s-projects-468908",
            "release_channel": [
              {
                "channel": "REGULAR"
              }
            ],
            "remove_default_node_pool": true,
            "resource_labels": {},
            "resource_usage_export_config": [],
            "security_posture_config": [
              {
                "mode": "BASIC",
                "vulnerability_mode": "VULNERABILITY_MODE_UNSPECIFIED"
              }
            ],
            "self_link": "https://container.googleapis.com/v1/projects/my-k8s-projects-468908/zones/asia-southeast1-b/clusters/debug-cluster",
            "service_external_ips_config": [
              {
                "enabled": false
              }
            ],
            "services_ipv4_cidr": "10.99.240.0/20",
            "subnetwork": "projects/my-k8s-projects-468908/regions/asia-southeast1/subnetworks/default",
            "timeouts": {
              "create": "30m",
              "delete": "20m",
              "read": null,
              "update": "20m"
            },
            "tpu_ipv4_cidr_block": "",
            "vertical_pod_autoscaling": [],
            "workload_identity_config": []
          },
          "sensitive_attributes": [
            [
              {
                "type": "get_attr",
                "value": "master_auth"
              },
              {
                "type": "index",
                "value": {
                  "value": 0,
                  "type": "number"
                }
              },
              {
                "type": "get_attr",
                "value": "client_key"
              }
            ]
          ],
          "identity_schema_version": 0,
          "private": "eyJlMmJmYjczMC1lY2FhLTExZTYtOGY4OC0zNDM2M2JjN2M0YzAiOnsiY3JlYXRlIjoxODAwMDAwMDAwMDAwLCJkZWxldGUiOjEyMDAwMDAwMDAwMDAsInJlYWQiOjI0MDAwMDAwMDAwMDAsInVwZGF0ZSI6MTIwMDAwMDAwMDAwMH0sInNjaGVtYV92ZXJzaW9uIjoiMSJ9"
        }
      ]
    },
    {
      "mode": "managed",
      "type": "google_container_node_pool",
      "name": "main",
      "provider": "provider[\"registry.terraform.io/hashicorp/google\"]",
      "instances": [
        {
          "schema_version": 1,
          "attributes": {
            "autoscaling": [
              {
                "location_policy": "BALANCED",
                "max_node_count": 3,
                "min_node_count": 1,
                "total_max_node_count": 0,
                "total_min_node_count": 0
              }
            ],
            "cluster": "debug-cluster",
            "id": "projects/my-k8s-projects-468908/locations/asia-southeast1-b/clusters/debug-cluster/nodePools/debug-cluster-node-pool",
            "initial_node_count": 0,
            "instance_group_urls": [
              "https://www.googleapis.com/compute/v1/projects/my-k8s-projects-468908/zones/asia-southeast1-b/instanceGroupManagers/gke-debug-cluster-debug-cluster-node--db43c393-grp"
            ],
            "location": "asia-southeast1-b",
            "managed_instance_group_urls": [
              "https://www.googleapis.com/compute/v1/projects/my-k8s-projects-468908/zones/asia-southeast1-b/instanceGroups/gke-debug-cluster-debug-cluster-node--db43c393-grp"
            ],
            "management": [
              {
                "auto_repair": true,
                "auto_upgrade": true
              }
            ],
            "max_pods_per_node": null,
            "name": "debug-cluster-node-pool",
            "name_prefix": "",
            "network_config": [],
            "node_config": [
              {
                "advanced_machine_features": [],
                "boot_disk_kms_key": "",
                "disk_size_gb": 50,
                "disk_type": "pd-balanced",
                "ephemeral_storage_local_ssd_config": [],
                "gcfs_config": [],
                "guest_accelerator": [],
                "gvnic": [],
                "host_maintenance_policy": [],
                "image_type": "COS_CONTAINERD",
                "kubelet_config": [
                  {
                    "cpu_cfs_quota": false,
                    "cpu_cfs_quota_period": "",
                    "cpu_manager_policy": "",
                    "pod_pids_limit": 0
                  }
                ],
                "labels": {},
                "linux_node_config": [],
                "local_nvme_ssd_block_config": [],
                "local_ssd_count": 0,
                "logging_variant": "DEFAULT",
                "machine_type": "e2-standard-4",
                "metadata": {
                  "disable-legacy-endpoints": "true"
                },
                "min_cpu_platform": "",
                "node_group": "",
                "oauth_scopes": [
                  "https://www.googleapis.com/auth/devstorage.read_only",
                  "https://www.googleapis.com/auth/logging.write",
                  "https://www.googleapis.com/auth/monitoring",
                  "https://www.googleapis.com/auth/service.management.readonly",
                  "https://www.googleapis.com/auth/servicecontrol",
                  "https://www.googleapis.com/auth/trace.append"
                ],
                "preemptible": false,
                "reservation_affinity": [],
                "resource_labels": {
                  "goog-gke-node-pool-provisioning-model": "on-demand"
                },
                "service_account": "default",
                "shielded_instance_config": [
                  {
                    "enable_integrity_monitoring": true,
                    "enable_secure_boot": false
                  }
                ],
                "sole_tenant_config": [],
                "spot": false,
                "tags": null,
                "taint": [],
                "workload_metadata_config": []
              }
            ],
            "node_count": 0,
            "node_locations": [
              "asia-southeast1-b"
            ],
            "operation": null,
            "placement_policy": [],
            "project": "my-k8s-projects-468908",
            "timeouts": {
              "create": "30m",
              "delete": "20m",
              "update": "20m"
            },
            "upgrade_settings": [
              {
                "blue_green_settings": [],
                "max_surge": 1,
                "max_unavailable": 0,
                "strategy": "SURGE"
              }
            ],
            "version": "1.33.2-gke.1240000"
          },
          "sensitive_attributes": [],
          "identity_schema_version": 0,
          "private": "eyJlMmJmYjczMC1lY2FhLTExZTYtOGY4OC0zNDM2M2JjN2M0YzAiOnsiY3JlYXRlIjoxODAwMDAwMDAwMDAwLCJkZWxldGUiOjEyMDAwMDAwMDAwMDAsInVwZGF0ZSI6MTIwMDAwMDAwMDAwMH0sInNjaGVtYV92ZXJzaW9uIjoiMSJ9",
          "dependencies": [
            "google_container_cluster.main"
          ]
        }
      ]
    },
    {
      "mode": "managed",
      "type": "helm_release",
      "name": "argocd",
      "provider": "provider[\"registry.terraform.io/hashicorp/helm\"]",
      "instances": [
        {
          "schema_version": 2,
          "attributes": {
            "atomic": false,
            "chart": "argo-cd",
            "cleanup_on_fail": false,
            "create_namespace": true,
            "dependency_update": false,
            "description": null,
            "devel": null,
            "disable_crd_hooks": false,
            "disable_openapi_validation": false,
            "disable_webhooks": false,
            "force_update": false,
            "id": "argocd",
            "keyring": null,
            "lint": false,
            "manifest": null,
            "max_history": 0,
            "metadata": {
              "app_version": "v3.0.3",
              "chart": "argo-cd",
              "first_deployed": 1755588434,
              "last_deployed": 1755588434,
              "name": "argocd",
              "namespace": "argo-cd",
              "notes": "\nIn order to access the server UI you have the following options:\n\n1. kubectl port-forward service/argocd-server -n argo-cd 8080:443\n\n    and then open the browser on http://localhost:8080 and accept the certificate\n\n2. enable ingress in the values file `server.ingress.enabled` and either\n      - Add the annotation for ssl passthrough: https://argo-cd.readthedocs.io/en/stable/operator-manual/ingress/#option-1-ssl-passthrough\n      - Set the `configs.params.\"server.insecure\"` in the values file and terminate SSL at your ingress: https://argo-cd.readthedocs.io/en/stable/operator-manual/ingress/#option-2-multiple-ingress-objects-and-hosts\n\n\nAfter reaching the UI the first time you can login with username: admin and the random password generated during the installation. You can find the password by running:\n\nkubectl -n argo-cd get secret argocd-initial-admin-secret -o jsonpath=\"{.data.password}\" | base64 -d\n\n(You should delete the initial secret afterwards as suggested by the Getting Started Guide: https://argo-cd.readthedocs.io/en/stable/getting_started/#4-login-using-the-cli)\n",
              "revision": 1,
              "values": "{\"configs\":{\"params\":{\"server.insecure\":true}}}",
              "version": "8.0.9"
            },
            "name": "argocd",
            "namespace": "argo-cd",
            "pass_credentials": false,
            "postrender": null,
            "recreate_pods": false,
            "render_subchart_notes": true,
            "replace": false,
            "repository": "https://argoproj.github.io/argo-helm",
            "repository_ca_file": null,
            "repository_cert_file": null,
            "repository_key_file": null,
            "repository_password": null,
            "repository_username": null,
            "reset_values": false,
            "reuse_values": false,
            "set": null,
            "set_list": null,
            "set_sensitive": null,
            "set_wo": null,
            "set_wo_revision": null,
            "skip_crds": false,
            "status": "deployed",
            "timeout": 300,
            "values": [
              "\"configs\":\n  \"params\":\n    \"server.insecure\": true\n"
            ],
            "verify": false,
            "version": "8.0.9",
            "wait": true,
            "wait_for_jobs": false
          },
          "sensitive_attributes": [
            [
              {
                "type": "get_attr",
                "value": "repository_password"
              }
            ]
          ],
          "identity_schema_version": 0,
          "identity": {
            "namespace": "argo-cd",
            "release_name": "argocd"
          },
          "dependencies": [
            "data.google_client_config.default",
            "data.google_container_cluster.main",
            "google_container_cluster.main",
            "google_container_node_pool.main"
          ]
        }
      ]
    }
  ],
  "check_results": null
}
